// !$*UTF8*$!
{
	archiveVersion = 1;
	classes = {
	};
	objectVersion = 48;
	objects = {

/* Begin PBXBuildFile section */
		25D4001EEAA0AECE3D104CC5 /* Pods_Weather.framework in Frameworks */ = {isa = PBXBuildFile; fileRef = 78A49B33A0B40002C223909E /* Pods_Weather.framework */; };
		6DBB60861FC0FC8200DDCC3F /* AppDelegate.swift in Sources */ = {isa = PBXBuildFile; fileRef = 6DBB60851FC0FC8200DDCC3F /* AppDelegate.swift */; };
		6DBB60881FC0FC8200DDCC3F /* ViewController.swift in Sources */ = {isa = PBXBuildFile; fileRef = 6DBB60871FC0FC8200DDCC3F /* ViewController.swift */; };
		6DBB608B1FC0FC8200DDCC3F /* Main.storyboard in Resources */ = {isa = PBXBuildFile; fileRef = 6DBB60891FC0FC8200DDCC3F /* Main.storyboard */; };
		6DBB608E1FC0FC8200DDCC3F /* Weather.xcdatamodeld in Sources */ = {isa = PBXBuildFile; fileRef = 6DBB608C1FC0FC8200DDCC3F /* Weather.xcdatamodeld */; };
		6DBB60901FC0FC8200DDCC3F /* Assets.xcassets in Resources */ = {isa = PBXBuildFile; fileRef = 6DBB608F1FC0FC8200DDCC3F /* Assets.xcassets */; };
		6DBB60931FC0FC8200DDCC3F /* LaunchScreen.storyboard in Resources */ = {isa = PBXBuildFile; fileRef = 6DBB60911FC0FC8200DDCC3F /* LaunchScreen.storyboard */; };
		6DBB609E1FC0FC8300DDCC3F /* WeatherTests.swift in Sources */ = {isa = PBXBuildFile; fileRef = 6DBB609D1FC0FC8300DDCC3F /* WeatherTests.swift */; };
		6DBB60AC1FC0FFA500DDCC3F /* APIForecast.swift in Sources */ = {isa = PBXBuildFile; fileRef = 6DBB60AB1FC0FFA500DDCC3F /* APIForecast.swift */; };
		6DBB60AF1FC0FFE200DDCC3F /* APIManager.swift in Sources */ = {isa = PBXBuildFile; fileRef = 6DBB60AE1FC0FFE200DDCC3F /* APIManager.swift */; };
		6DEC3ACA1FC2221300729AF5 /* Tests.swift in Sources */ = {isa = PBXBuildFile; fileRef = 6DEC3AC91FC2221300729AF5 /* Tests.swift */; };
		6DED08E01FC10231002DA9CB /* Forecast+CoreDataClass.swift in Sources */ = {isa = PBXBuildFile; fileRef = 6DED08DE1FC10231002DA9CB /* Forecast+CoreDataClass.swift */; };
		6DED08E11FC10231002DA9CB /* Forecast+CoreDataProperties.swift in Sources */ = {isa = PBXBuildFile; fileRef = 6DED08DF1FC10231002DA9CB /* Forecast+CoreDataProperties.swift */; };
		6DED08E31FC10250002DA9CB /* CoreDataManager.swift in Sources */ = {isa = PBXBuildFile; fileRef = 6DED08E21FC10250002DA9CB /* CoreDataManager.swift */; };
		6DED08E51FC10361002DA9CB /* Utils.swift in Sources */ = {isa = PBXBuildFile; fileRef = 6DED08E41FC10361002DA9CB /* Utils.swift */; };
/* End PBXBuildFile section */

/* Begin PBXContainerItemProxy section */
		6DBB609A1FC0FC8200DDCC3F /* PBXContainerItemProxy */ = {
			isa = PBXContainerItemProxy;
			containerPortal = 6DBB607A1FC0FC8100DDCC3F /* Project object */;
			proxyType = 1;
			remoteGlobalIDString = 6DBB60811FC0FC8100DDCC3F;
			remoteInfo = Weather;
		};
/* End PBXContainerItemProxy section */

/* Begin PBXFileReference section */
		008E5038857FCC9034DE2203 /* Pods-Weather.debug.xcconfig */ = {isa = PBXFileReference; includeInIndex = 1; lastKnownFileType = text.xcconfig; name = "Pods-Weather.debug.xcconfig"; path = "Pods/Target Support Files/Pods-Weather/Pods-Weather.debug.xcconfig"; sourceTree = "<group>"; };
		6DBB60821FC0FC8100DDCC3F /* Weather.app */ = {isa = PBXFileReference; explicitFileType = wrapper.application; includeInIndex = 0; path = Weather.app; sourceTree = BUILT_PRODUCTS_DIR; };
		6DBB60851FC0FC8200DDCC3F /* AppDelegate.swift */ = {isa = PBXFileReference; lastKnownFileType = sourcecode.swift; path = AppDelegate.swift; sourceTree = "<group>"; };
		6DBB60871FC0FC8200DDCC3F /* ViewController.swift */ = {isa = PBXFileReference; lastKnownFileType = sourcecode.swift; path = ViewController.swift; sourceTree = "<group>"; };
		6DBB608A1FC0FC8200DDCC3F /* Base */ = {isa = PBXFileReference; lastKnownFileType = file.storyboard; name = Base; path = Base.lproj/Main.storyboard; sourceTree = "<group>"; };
		6DBB608D1FC0FC8200DDCC3F /* Weather.xcdatamodel */ = {isa = PBXFileReference; lastKnownFileType = wrapper.xcdatamodel; path = Weather.xcdatamodel; sourceTree = "<group>"; };
		6DBB608F1FC0FC8200DDCC3F /* Assets.xcassets */ = {isa = PBXFileReference; lastKnownFileType = folder.assetcatalog; path = Assets.xcassets; sourceTree = "<group>"; };
		6DBB60921FC0FC8200DDCC3F /* Base */ = {isa = PBXFileReference; lastKnownFileType = file.storyboard; name = Base; path = Base.lproj/LaunchScreen.storyboard; sourceTree = "<group>"; };
		6DBB60941FC0FC8200DDCC3F /* Info.plist */ = {isa = PBXFileReference; lastKnownFileType = text.plist.xml; path = Info.plist; sourceTree = "<group>"; };
		6DBB60991FC0FC8200DDCC3F /* WeatherTests.xctest */ = {isa = PBXFileReference; explicitFileType = wrapper.cfbundle; includeInIndex = 0; path = WeatherTests.xctest; sourceTree = BUILT_PRODUCTS_DIR; };
		6DBB609D1FC0FC8300DDCC3F /* WeatherTests.swift */ = {isa = PBXFileReference; lastKnownFileType = sourcecode.swift; path = WeatherTests.swift; sourceTree = "<group>"; };
		6DBB609F1FC0FC8300DDCC3F /* Info.plist */ = {isa = PBXFileReference; lastKnownFileType = text.plist.xml; path = Info.plist; sourceTree = "<group>"; };
		6DBB60AB1FC0FFA500DDCC3F /* APIForecast.swift */ = {isa = PBXFileReference; lastKnownFileType = sourcecode.swift; path = APIForecast.swift; sourceTree = "<group>"; };
		6DBB60AE1FC0FFE200DDCC3F /* APIManager.swift */ = {isa = PBXFileReference; lastKnownFileType = sourcecode.swift; path = APIManager.swift; sourceTree = "<group>"; };
		6DEC3AC91FC2221300729AF5 /* Tests.swift */ = {isa = PBXFileReference; lastKnownFileType = sourcecode.swift; path = Tests.swift; sourceTree = "<group>"; };
		6DED08DE1FC10231002DA9CB /* Forecast+CoreDataClass.swift */ = {isa = PBXFileReference; lastKnownFileType = sourcecode.swift; path = "Forecast+CoreDataClass.swift"; sourceTree = "<group>"; };
		6DED08DF1FC10231002DA9CB /* Forecast+CoreDataProperties.swift */ = {isa = PBXFileReference; lastKnownFileType = sourcecode.swift; path = "Forecast+CoreDataProperties.swift"; sourceTree = "<group>"; };
		6DED08E21FC10250002DA9CB /* CoreDataManager.swift */ = {isa = PBXFileReference; fileEncoding = 4; lastKnownFileType = sourcecode.swift; path = CoreDataManager.swift; sourceTree = "<group>"; };
		6DED08E41FC10361002DA9CB /* Utils.swift */ = {isa = PBXFileReference; lastKnownFileType = sourcecode.swift; path = Utils.swift; sourceTree = "<group>"; };
		78A49B33A0B40002C223909E /* Pods_Weather.framework */ = {isa = PBXFileReference; explicitFileType = wrapper.framework; includeInIndex = 0; path = Pods_Weather.framework; sourceTree = BUILT_PRODUCTS_DIR; };
		D9A66A67CB2B42D385F65F4A /* Pods-Weather.release.xcconfig */ = {isa = PBXFileReference; includeInIndex = 1; lastKnownFileType = text.xcconfig; name = "Pods-Weather.release.xcconfig"; path = "Pods/Target Support Files/Pods-Weather/Pods-Weather.release.xcconfig"; sourceTree = "<group>"; };
/* End PBXFileReference section */

/* Begin PBXFrameworksBuildPhase section */
		6DBB607F1FC0FC8100DDCC3F /* Frameworks */ = {
			isa = PBXFrameworksBuildPhase;
			buildActionMask = 2147483647;
			files = (
				25D4001EEAA0AECE3D104CC5 /* Pods_Weather.framework in Frameworks */,
			);
			runOnlyForDeploymentPostprocessing = 0;
		};
		6DBB60961FC0FC8200DDCC3F /* Frameworks */ = {
			isa = PBXFrameworksBuildPhase;
			buildActionMask = 2147483647;
			files = (
			);
			runOnlyForDeploymentPostprocessing = 0;
		};
/* End PBXFrameworksBuildPhase section */

/* Begin PBXGroup section */
		608C63524E8F51544CA626A1 /* Frameworks */ = {
			isa = PBXGroup;
			children = (
				78A49B33A0B40002C223909E /* Pods_Weather.framework */,
			);
			name = Frameworks;
			sourceTree = "<group>";
		};
		689588F88EB4A25103CCB63B /* Pods */ = {
			isa = PBXGroup;
			children = (
				008E5038857FCC9034DE2203 /* Pods-Weather.debug.xcconfig */,
				D9A66A67CB2B42D385F65F4A /* Pods-Weather.release.xcconfig */,
			);
			name = Pods;
			sourceTree = "<group>";
		};
		6DBB60791FC0FC8100DDCC3F = {
			isa = PBXGroup;
			children = (
				6DBB60841FC0FC8100DDCC3F /* Weather */,
				6DBB609C1FC0FC8300DDCC3F /* WeatherTests */,
				6DBB60831FC0FC8100DDCC3F /* Products */,
				689588F88EB4A25103CCB63B /* Pods */,
				608C63524E8F51544CA626A1 /* Frameworks */,
			);
			sourceTree = "<group>";
		};
		6DBB60831FC0FC8100DDCC3F /* Products */ = {
			isa = PBXGroup;
			children = (
				6DBB60821FC0FC8100DDCC3F /* Weather.app */,
				6DBB60991FC0FC8200DDCC3F /* WeatherTests.xctest */,
			);
			name = Products;
			sourceTree = "<group>";
		};
		6DBB60841FC0FC8100DDCC3F /* Weather */ = {
			isa = PBXGroup;
			children = (
				6DBB60AD1FC0FFD500DDCC3F /* Managers */,
				6DBB60A81FC0FEF600DDCC3F /* Models */,
				6DBB60851FC0FC8200DDCC3F /* AppDelegate.swift */,
				6DBB60871FC0FC8200DDCC3F /* ViewController.swift */,
				6DBB60891FC0FC8200DDCC3F /* Main.storyboard */,
				6DBB608F1FC0FC8200DDCC3F /* Assets.xcassets */,
				6DBB60911FC0FC8200DDCC3F /* LaunchScreen.storyboard */,
				6DBB60941FC0FC8200DDCC3F /* Info.plist */,
				6DED08E41FC10361002DA9CB /* Utils.swift */,
				6DEC3AC91FC2221300729AF5 /* Tests.swift */,
			);
			path = Weather;
			sourceTree = "<group>";
		};
		6DBB609C1FC0FC8300DDCC3F /* WeatherTests */ = {
			isa = PBXGroup;
			children = (
				6DBB609D1FC0FC8300DDCC3F /* WeatherTests.swift */,
				6DBB609F1FC0FC8300DDCC3F /* Info.plist */,
			);
			path = WeatherTests;
			sourceTree = "<group>";
		};
		6DBB60A81FC0FEF600DDCC3F /* Models */ = {
			isa = PBXGroup;
			children = (
				6DED08DE1FC10231002DA9CB /* Forecast+CoreDataClass.swift */,
				6DED08DF1FC10231002DA9CB /* Forecast+CoreDataProperties.swift */,
				6DBB608C1FC0FC8200DDCC3F /* Weather.xcdatamodeld */,
				6DBB60AB1FC0FFA500DDCC3F /* APIForecast.swift */,
			);
			path = Models;
			sourceTree = "<group>";
		};
		6DBB60AD1FC0FFD500DDCC3F /* Managers */ = {
			isa = PBXGroup;
			children = (
				6DED08E21FC10250002DA9CB /* CoreDataManager.swift */,
				6DBB60AE1FC0FFE200DDCC3F /* APIManager.swift */,
			);
			path = Managers;
			sourceTree = "<group>";
		};
/* End PBXGroup section */

/* Begin PBXNativeTarget section */
		6DBB60811FC0FC8100DDCC3F /* Weather */ = {
			isa = PBXNativeTarget;
			buildConfigurationList = 6DBB60A21FC0FC8300DDCC3F /* Build configuration list for PBXNativeTarget "Weather" */;
			buildPhases = (
				E64CB17BB8BEDB30F4F67B9A /* [CP] Check Pods Manifest.lock */,
				6DBB607E1FC0FC8100DDCC3F /* Sources */,
				6DBB607F1FC0FC8100DDCC3F /* Frameworks */,
				6DBB60801FC0FC8100DDCC3F /* Resources */,
				549B25A1D488F06EF940EEF4 /* [CP] Embed Pods Frameworks */,
				AC1D9AA44E8E03875CDD9A61 /* [CP] Copy Pods Resources */,
			);
			buildRules = (
			);
			dependencies = (
			);
			name = Weather;
			productName = Weather;
			productReference = 6DBB60821FC0FC8100DDCC3F /* Weather.app */;
			productType = "com.apple.product-type.application";
		};
		6DBB60981FC0FC8200DDCC3F /* WeatherTests */ = {
			isa = PBXNativeTarget;
			buildConfigurationList = 6DBB60A51FC0FC8300DDCC3F /* Build configuration list for PBXNativeTarget "WeatherTests" */;
			buildPhases = (
				6DBB60951FC0FC8200DDCC3F /* Sources */,
				6DBB60961FC0FC8200DDCC3F /* Frameworks */,
				6DBB60971FC0FC8200DDCC3F /* Resources */,
			);
			buildRules = (
			);
			dependencies = (
				6DBB609B1FC0FC8200DDCC3F /* PBXTargetDependency */,
			);
			name = WeatherTests;
			productName = WeatherTests;
			productReference = 6DBB60991FC0FC8200DDCC3F /* WeatherTests.xctest */;
			productType = "com.apple.product-type.bundle.unit-test";
		};
/* End PBXNativeTarget section */

/* Begin PBXProject section */
		6DBB607A1FC0FC8100DDCC3F /* Project object */ = {
			isa = PBXProject;
			attributes = {
				LastSwiftUpdateCheck = 0910;
				LastUpgradeCheck = 0910;
				ORGANIZATIONNAME = "Damien Bannerot";
				TargetAttributes = {
					6DBB60811FC0FC8100DDCC3F = {
						CreatedOnToolsVersion = 9.1;
						ProvisioningStyle = Automatic;
					};
					6DBB60981FC0FC8200DDCC3F = {
						CreatedOnToolsVersion = 9.1;
						ProvisioningStyle = Automatic;
						TestTargetID = 6DBB60811FC0FC8100DDCC3F;
					};
				};
			};
			buildConfigurationList = 6DBB607D1FC0FC8100DDCC3F /* Build configuration list for PBXProject "Weather" */;
			compatibilityVersion = "Xcode 8.0";
			developmentRegion = en;
			hasScannedForEncodings = 0;
			knownRegions = (
				en,
				Base,
			);
			mainGroup = 6DBB60791FC0FC8100DDCC3F;
			productRefGroup = 6DBB60831FC0FC8100DDCC3F /* Products */;
			projectDirPath = "";
			projectRoot = "";
			targets = (
				6DBB60811FC0FC8100DDCC3F /* Weather */,
				6DBB60981FC0FC8200DDCC3F /* WeatherTests */,
			);
		};
/* End PBXProject section */

/* Begin PBXResourcesBuildPhase section */
		6DBB60801FC0FC8100DDCC3F /* Resources */ = {
			isa = PBXResourcesBuildPhase;
			buildActionMask = 2147483647;
			files = (
				6DBB60931FC0FC8200DDCC3F /* LaunchScreen.storyboard in Resources */,
				6DBB60901FC0FC8200DDCC3F /* Assets.xcassets in Resources */,
				6DBB608B1FC0FC8200DDCC3F /* Main.storyboard in Resources */,
			);
			runOnlyForDeploymentPostprocessing = 0;
		};
		6DBB60971FC0FC8200DDCC3F /* Resources */ = {
			isa = PBXResourcesBuildPhase;
			buildActionMask = 2147483647;
			files = (
			);
			runOnlyForDeploymentPostprocessing = 0;
		};
/* End PBXResourcesBuildPhase section */

/* Begin PBXShellScriptBuildPhase section */
		549B25A1D488F06EF940EEF4 /* [CP] Embed Pods Frameworks */ = {
			isa = PBXShellScriptBuildPhase;
			buildActionMask = 2147483647;
			files = (
			);
			inputPaths = (
				"${SRCROOT}/Pods/Target Support Files/Pods-Weather/Pods-Weather-frameworks.sh",
				"${BUILT_PRODUCTS_DIR}/Alamofire/Alamofire.framework",
			);
			name = "[CP] Embed Pods Frameworks";
			outputPaths = (
				"${TARGET_BUILD_DIR}/${FRAMEWORKS_FOLDER_PATH}/Alamofire.framework",
			);
			runOnlyForDeploymentPostprocessing = 0;
			shellPath = /bin/sh;
			shellScript = "\"${SRCROOT}/Pods/Target Support Files/Pods-Weather/Pods-Weather-frameworks.sh\"\n";
			showEnvVarsInLog = 0;
		};
		AC1D9AA44E8E03875CDD9A61 /* [CP] Copy Pods Resources */ = {
			isa = PBXShellScriptBuildPhase;
			buildActionMask = 2147483647;
			files = (
			);
			inputPaths = (
			);
			name = "[CP] Copy Pods Resources";
			outputPaths = (
			);
			runOnlyForDeploymentPostprocessing = 0;
			shellPath = /bin/sh;
			shellScript = "\"${SRCROOT}/Pods/Target Support Files/Pods-Weather/Pods-Weather-resources.sh\"\n";
			showEnvVarsInLog = 0;
		};
		E64CB17BB8BEDB30F4F67B9A /* [CP] Check Pods Manifest.lock */ = {
			isa = PBXShellScriptBuildPhase;
			buildActionMask = 2147483647;
			files = (
			);
			inputPaths = (
				"${PODS_PODFILE_DIR_PATH}/Podfile.lock",
				"${PODS_ROOT}/Manifest.lock",
			);
			name = "[CP] Check Pods Manifest.lock";
			outputPaths = (
				"$(DERIVED_FILE_DIR)/Pods-Weather-checkManifestLockResult.txt",
			);
			runOnlyForDeploymentPostprocessing = 0;
			shellPath = /bin/sh;
			shellScript = "diff \"${PODS_PODFILE_DIR_PATH}/Podfile.lock\" \"${PODS_ROOT}/Manifest.lock\" > /dev/null\nif [ $? != 0 ] ; then\n    # print error to STDERR\n    echo \"error: The sandbox is not in sync with the Podfile.lock. Run 'pod install' or update your CocoaPods installation.\" >&2\n    exit 1\nfi\n# This output is used by Xcode 'outputs' to avoid re-running this script phase.\necho \"SUCCESS\" > \"${SCRIPT_OUTPUT_FILE_0}\"\n";
			showEnvVarsInLog = 0;
		};
/* End PBXShellScriptBuildPhase section */

/* Begin PBXSourcesBuildPhase section */
		6DBB607E1FC0FC8100DDCC3F /* Sources */ = {
			isa = PBXSourcesBuildPhase;
			buildActionMask = 2147483647;
			files = (
				6DED08E01FC10231002DA9CB /* Forecast+CoreDataClass.swift in Sources */,
				6DEC3ACA1FC2221300729AF5 /* Tests.swift in Sources */,
				6DED08E11FC10231002DA9CB /* Forecast+CoreDataProperties.swift in Sources */,
				6DED08E51FC10361002DA9CB /* Utils.swift in Sources */,
				6DBB608E1FC0FC8200DDCC3F /* Weather.xcdatamodeld in Sources */,
				6DBB60AC1FC0FFA500DDCC3F /* APIForecast.swift in Sources */,
				6DBB60AF1FC0FFE200DDCC3F /* APIManager.swift in Sources */,
				6DED08E31FC10250002DA9CB /* CoreDataManager.swift in Sources */,
				6DBB60881FC0FC8200DDCC3F /* ViewController.swift in Sources */,
				6DBB60861FC0FC8200DDCC3F /* AppDelegate.swift in Sources */,
			);
			runOnlyForDeploymentPostprocessing = 0;
		};
		6DBB60951FC0FC8200DDCC3F /* Sources */ = {
			isa = PBXSourcesBuildPhase;
			buildActionMask = 2147483647;
			files = (
				6DBB609E1FC0FC8300DDCC3F /* WeatherTests.swift in Sources */,
			);
			runOnlyForDeploymentPostprocessing = 0;
		};
/* End PBXSourcesBuildPhase section */

/* Begin PBXTargetDependency section */
		6DBB609B1FC0FC8200DDCC3F /* PBXTargetDependency */ = {
			isa = PBXTargetDependency;
			target = 6DBB60811FC0FC8100DDCC3F /* Weather */;
			targetProxy = 6DBB609A1FC0FC8200DDCC3F /* PBXContainerItemProxy */;
		};
/* End PBXTargetDependency section */

/* Begin PBXVariantGroup section */
		6DBB60891FC0FC8200DDCC3F /* Main.storyboard */ = {
			isa = PBXVariantGroup;
			children = (
				6DBB608A1FC0FC8200DDCC3F /* Base */,
			);
			name = Main.storyboard;
			sourceTree = "<group>";
		};
		6DBB60911FC0FC8200DDCC3F /* LaunchScreen.storyboard */ = {
			isa = PBXVariantGroup;
			children = (
				6DBB60921FC0FC8200DDCC3F /* Base */,
			);
			name = LaunchScreen.storyboard;
			sourceTree = "<group>";
		};
/* End PBXVariantGroup section */

/* Begin XCBuildConfiguration section */
		6DBB60A01FC0FC8300DDCC3F /* Debug */ = {
			isa = XCBuildConfiguration;
			buildSettings = {
				ALWAYS_SEARCH_USER_PATHS = NO;
				CLANG_ANALYZER_NONNULL = YES;
				CLANG_ANALYZER_NUMBER_OBJECT_CONVERSION = YES_AGGRESSIVE;
				CLANG_CXX_LANGUAGE_STANDARD = "gnu++14";
				CLANG_CXX_LIBRARY = "libc++";
				CLANG_ENABLE_MODULES = YES;
				CLANG_ENABLE_OBJC_ARC = YES;
				CLANG_WARN_BLOCK_CAPTURE_AUTORELEASING = YES;
				CLANG_WARN_BOOL_CONVERSION = YES;
				CLANG_WARN_COMMA = YES;
				CLANG_WARN_CONSTANT_CONVERSION = YES;
				CLANG_WARN_DIRECT_OBJC_ISA_USAGE = YES_ERROR;
				CLANG_WARN_DOCUMENTATION_COMMENTS = YES;
				CLANG_WARN_EMPTY_BODY = YES;
				CLANG_WARN_ENUM_CONVERSION = YES;
				CLANG_WARN_INFINITE_RECURSION = YES;
				CLANG_WARN_INT_CONVERSION = YES;
				CLANG_WARN_NON_LITERAL_NULL_CONVERSION = YES;
				CLANG_WARN_OBJC_LITERAL_CONVERSION = YES;
				CLANG_WARN_OBJC_ROOT_CLASS = YES_ERROR;
				CLANG_WARN_RANGE_LOOP_ANALYSIS = YES;
				CLANG_WARN_STRICT_PROTOTYPES = YES;
				CLANG_WARN_SUSPICIOUS_MOVE = YES;
				CLANG_WARN_UNGUARDED_AVAILABILITY = YES_AGGRESSIVE;
				CLANG_WARN_UNREACHABLE_CODE = YES;
				CLANG_WARN__DUPLICATE_METHOD_MATCH = YES;
				CODE_SIGN_IDENTITY = "iPhone Developer";
				COPY_PHASE_STRIP = NO;
				DEBUG_INFORMATION_FORMAT = dwarf;
				ENABLE_STRICT_OBJC_MSGSEND = YES;
				ENABLE_TESTABILITY = YES;
				GCC_C_LANGUAGE_STANDARD = gnu11;
				GCC_DYNAMIC_NO_PIC = NO;
				GCC_NO_COMMON_BLOCKS = YES;
				GCC_OPTIMIZATION_LEVEL = 0;
				GCC_PREPROCESSOR_DEFINITIONS = (
					"DEBUG=1",
					"$(inherited)",
				);
				GCC_WARN_64_TO_32_BIT_CONVERSION = YES;
				GCC_WARN_ABOUT_RETURN_TYPE = YES_ERROR;
				GCC_WARN_UNDECLARED_SELECTOR = YES;
				GCC_WARN_UNINITIALIZED_AUTOS = YES_AGGRESSIVE;
				GCC_WARN_UNUSED_FUNCTION = YES;
				GCC_WARN_UNUSED_VARIABLE = YES;
				IPHONEOS_DEPLOYMENT_TARGET = 11.1;
				MTL_ENABLE_DEBUG_INFO = YES;
				ONLY_ACTIVE_ARCH = YES;
				SDKROOT = iphoneos;
				SWIFT_ACTIVE_COMPILATION_CONDITIONS = DEBUG;
				SWIFT_OPTIMIZATION_LEVEL = "-Onone";
			};
			name = Debug;
		};
		6DBB60A11FC0FC8300DDCC3F /* Release */ = {
			isa = XCBuildConfiguration;
			buildSettings = {
				ALWAYS_SEARCH_USER_PATHS = NO;
				CLANG_ANALYZER_NONNULL = YES;
				CLANG_ANALYZER_NUMBER_OBJECT_CONVERSION = YES_AGGRESSIVE;
				CLANG_CXX_LANGUAGE_STANDARD = "gnu++14";
				CLANG_CXX_LIBRARY = "libc++";
				CLANG_ENABLE_MODULES = YES;
				CLANG_ENABLE_OBJC_ARC = YES;
				CLANG_WARN_BLOCK_CAPTURE_AUTORELEASING = YES;
				CLANG_WARN_BOOL_CONVERSION = YES;
				CLANG_WARN_COMMA = YES;
				CLANG_WARN_CONSTANT_CONVERSION = YES;
				CLANG_WARN_DIRECT_OBJC_ISA_USAGE = YES_ERROR;
				CLANG_WARN_DOCUMENTATION_COMMENTS = YES;
				CLANG_WARN_EMPTY_BODY = YES;
				CLANG_WARN_ENUM_CONVERSION = YES;
				CLANG_WARN_INFINITE_RECURSION = YES;
				CLANG_WARN_INT_CONVERSION = YES;
				CLANG_WARN_NON_LITERAL_NULL_CONVERSION = YES;
				CLANG_WARN_OBJC_LITERAL_CONVERSION = YES;
				CLANG_WARN_OBJC_ROOT_CLASS = YES_ERROR;
				CLANG_WARN_RANGE_LOOP_ANALYSIS = YES;
				CLANG_WARN_STRICT_PROTOTYPES = YES;
				CLANG_WARN_SUSPICIOUS_MOVE = YES;
				CLANG_WARN_UNGUARDED_AVAILABILITY = YES_AGGRESSIVE;
				CLANG_WARN_UNREACHABLE_CODE = YES;
				CLANG_WARN__DUPLICATE_METHOD_MATCH = YES;
				CODE_SIGN_IDENTITY = "iPhone Developer";
				COPY_PHASE_STRIP = NO;
				DEBUG_INFORMATION_FORMAT = "dwarf-with-dsym";
				ENABLE_NS_ASSERTIONS = NO;
				ENABLE_STRICT_OBJC_MSGSEND = YES;
				GCC_C_LANGUAGE_STANDARD = gnu11;
				GCC_NO_COMMON_BLOCKS = YES;
				GCC_WARN_64_TO_32_BIT_CONVERSION = YES;
				GCC_WARN_ABOUT_RETURN_TYPE = YES_ERROR;
				GCC_WARN_UNDECLARED_SELECTOR = YES;
				GCC_WARN_UNINITIALIZED_AUTOS = YES_AGGRESSIVE;
				GCC_WARN_UNUSED_FUNCTION = YES;
				GCC_WARN_UNUSED_VARIABLE = YES;
				IPHONEOS_DEPLOYMENT_TARGET = 11.1;
				MTL_ENABLE_DEBUG_INFO = NO;
				SDKROOT = iphoneos;
				SWIFT_OPTIMIZATION_LEVEL = "-Owholemodule";
				VALIDATE_PRODUCT = YES;
			};
			name = Release;
		};
		6DBB60A31FC0FC8300DDCC3F /* Debug */ = {
			isa = XCBuildConfiguration;
			baseConfigurationReference = 008E5038857FCC9034DE2203 /* Pods-Weather.debug.xcconfig */;
			buildSettings = {
				ASSETCATALOG_COMPILER_APPICON_NAME = AppIcon;
				CODE_SIGN_STYLE = Automatic;
				DEVELOPMENT_TEAM = B6V5UMD87T;
				INFOPLIST_FILE = Weather/Info.plist;
				IPHONEOS_DEPLOYMENT_TARGET = 11.0;
				LD_RUNPATH_SEARCH_PATHS = "$(inherited) @executable_path/Frameworks $(SRCROOT)";
				PRODUCT_BUNDLE_IDENTIFIER = me.damienbannerot.Weather;
				PRODUCT_NAME = "$(TARGET_NAME)";
				SWIFT_VERSION = 4.0;
				TARGETED_DEVICE_FAMILY = "1,2";
			};
			name = Debug;
		};
		6DBB60A41FC0FC8300DDCC3F /* Release */ = {
			isa = XCBuildConfiguration;
			baseConfigurationReference = D9A66A67CB2B42D385F65F4A /* Pods-Weather.release.xcconfig */;
			buildSettings = {
				ASSETCATALOG_COMPILER_APPICON_NAME = AppIcon;
				CODE_SIGN_STYLE = Automatic;
				DEVELOPMENT_TEAM = B6V5UMD87T;
				INFOPLIST_FILE = Weather/Info.plist;
				IPHONEOS_DEPLOYMENT_TARGET = 11.0;
				LD_RUNPATH_SEARCH_PATHS = "$(inherited) @executable_path/Frameworks $(SRCROOT)";
				PRODUCT_BUNDLE_IDENTIFIER = me.damienbannerot.Weather;
				PRODUCT_NAME = "$(TARGET_NAME)";
				SWIFT_VERSION = 4.0;
				TARGETED_DEVICE_FAMILY = "1,2";
			};
			name = Release;
		};
		6DBB60A61FC0FC8300DDCC3F /* Debug */ = {
			isa = XCBuildConfiguration;
			buildSettings = {
				ALWAYS_EMBED_SWIFT_STANDARD_LIBRARIES = YES;
				BUNDLE_LOADER = "$(TEST_HOST)";
				CODE_SIGN_STYLE = Automatic;
				DEVELOPMENT_TEAM = B6V5UMD87T;
				INFOPLIST_FILE = WeatherTests/Info.plist;
				LD_RUNPATH_SEARCH_PATHS = "$(inherited) @executable_path/Frameworks @loader_path/Frameworks";
				PRODUCT_BUNDLE_IDENTIFIER = me.damienbannerot.WeatherTests;
				PRODUCT_NAME = "$(TARGET_NAME)";
				SWIFT_VERSION = 4.0;
				TARGETED_DEVICE_FAMILY = "1,2";
				TEST_HOST = "$(BUILT_PRODUCTS_DIR)/Weather.app/Weather";
			};
			name = Debug;
		};
		6DBB60A71FC0FC8300DDCC3F /* Release */ = {
			isa = XCBuildConfiguration;
			buildSettings = {
				ALWAYS_EMBED_SWIFT_STANDARD_LIBRARIES = YES;
				BUNDLE_LOADER = "$(TEST_HOST)";
				CODE_SIGN_STYLE = Automatic;
				DEVELOPMENT_TEAM = B6V5UMD87T;
				INFOPLIST_FILE = WeatherTests/Info.plist;
				LD_RUNPATH_SEARCH_PATHS = "$(inherited) @executable_path/Frameworks @loader_path/Frameworks";
				PRODUCT_BUNDLE_IDENTIFIER = me.damienbannerot.WeatherTests;
				PRODUCT_NAME = "$(TARGET_NAME)";
				SWIFT_VERSION = 4.0;
				TARGETED_DEVICE_FAMILY = "1,2";
				TEST_HOST = "$(BUILT_PRODUCTS_DIR)/Weather.app/Weather";
			};
			name = Release;
		};
/* End XCBuildConfiguration section */

/* Begin XCConfigurationList section */
		6DBB607D1FC0FC8100DDCC3F /* Build configuration list for PBXProject "Weather" */ = {
			isa = XCConfigurationList;
			buildConfigurations = (
				6DBB60A01FC0FC8300DDCC3F /* Debug */,
				6DBB60A11FC0FC8300DDCC3F /* Release */,
			);
			defaultConfigurationIsVisible = 0;
			defaultConfigurationName = Release;
		};
		6DBB60A21FC0FC8300DDCC3F /* Build configuration list for PBXNativeTarget "Weather" */ = {
			isa = XCConfigurationList;
			buildConfigurations = (
				6DBB60A31FC0FC8300DDCC3F /* Debug */,
				6DBB60A41FC0FC8300DDCC3F /* Release */,
			);
			defaultConfigurationIsVisible = 0;
			defaultConfigurationName = Release;
		};
		6DBB60A51FC0FC8300DDCC3F /* Build configuration list for PBXNativeTarget "WeatherTests" */ = {
			isa = XCConfigurationList;
			buildConfigurations = (
				6DBB60A61FC0FC8300DDCC3F /* Debug */,
				6DBB60A71FC0FC8300DDCC3F /* Release */,
			);
			defaultConfigurationIsVisible = 0;
			defaultConfigurationName = Release;
		};
/* End XCConfigurationList section */

/* Begin XCVersionGroup section */
		6DBB608C1FC0FC8200DDCC3F /* Weather.xcdatamodeld */ = {
			isa = XCVersionGroup;
			children = (
				6DBB608D1FC0FC8200DDCC3F /* Weather.xcdatamodel */,
			);
			currentVersion = 6DBB608D1FC0FC8200DDCC3F /* Weather.xcdatamodel */;
			path = Weather.xcdatamodeld;
			sourceTree = "<group>";
			versionGroupType = wrapper.xcdatamodel;
		};
/* End XCVersionGroup section */
	};
	rootObject = 6DBB607A1FC0FC8100DDCC3F /* Project object */;
}
